
Microsoft Visual Studio Solution File, Format Version 12.00
# Visual Studio Version 17
VisualStudioVersion = 17.8.34330.188
MinimumVisualStudioVersion = 10.0.40219.1
Project("{9A19103F-16F7-4668-BE54-9A1E7A4F7556}") = "ConsoleApp4", "ConsoleApp4\ConsoleApp4.csproj", "{88D9CC5A-5AC0-4A52-9694-CD720F8A4B1C}"
EndProject
Project("{9A19103F-16F7-4668-BE54-9A1E7A4F7556}") = "Lesson1", "Lesson1\Lesson1.csproj", "{0097FC08-BE23-4996-A13C-925D18A452A4}"
EndProject
Project("{9A19103F-16F7-4668-BE54-9A1E7A4F7556}") = "Lesson6", "..\Lesson6\Lesson6.csproj", "{242DBB59-5AE2-4204-B6D8-36D9700C05E5}"
EndProject
Project("{9A19103F-16F7-4668-BE54-9A1E7A4F7556}") = "Lesson7", "Lesson7\Lesson7.csproj", "{32735FE8-FA46-4B98-8ADB-98EFDA4CF537}"
EndProject
Project("{9A19103F-16F7-4668-BE54-9A1E7A4F7556}") = "Lessons7(dz)", "Lessons7(dz)\Lessons7(dz).csproj", "{A37DEE38-BC03-47B0-8DC2-B145DD80FDC1}"
EndProject
Project("{9A19103F-16F7-4668-BE54-9A1E7A4F7556}") = "Lesson6(dz)", "Lesson6(dz)\Lesson6(dz).csproj", "{F51BE644-5282-424D-AF35-096B8FC94617}"
EndProject
Project("{9A19103F-16F7-4668-BE54-9A1E7A4F7556}") = "Lesson8", "Lesson8\Lesson8.csproj", "{2BB0777C-CCCF-4E86-AAA4-050B20F57A9C}"
EndProject
Project("{9A19103F-16F7-4668-BE54-9A1E7A4F7556}") = "Lesson9", "Lesson9\Lesson9.csproj", "{165E8E24-057D-4DE7-862C-0256421332AD}"
EndProject
Project("{9A19103F-16F7-4668-BE54-9A1E7A4F7556}") = "Lesson8(DZ)", "Lesson8(DZ)\Lesson8(DZ).csproj", "{AC9B528C-95B2-44BC-8735-B490D37F9DE3}"
EndProject
Project("{9A19103F-16F7-4668-BE54-9A1E7A4F7556}") = "Lesson 10", "Lesson 10\Lesson 10.csproj", "{BA8ABF46-9BD2-4244-893C-090EF8E95799}"
EndProject
Project("{9A19103F-16F7-4668-BE54-9A1E7A4F7556}") = "Lesson9(DZ)", "Lesson9(DZ)\Lesson9(DZ).csproj", "{9C1AC724-ADA0-429B-977B-737339C5A981}"
EndProject
Project("{9A19103F-16F7-4668-BE54-9A1E7A4F7556}") = "Lesson 10(DZ)", "Lesson 10(DZ)\Lesson 10(DZ).csproj", "{DF273755-365A-41CE-BB3F-869C19935935}"
EndProject
Project("{9A19103F-16F7-4668-BE54-9A1E7A4F7556}") = "Lesson11", "Lesson11\Lesson11.csproj", "{A9545FFD-53CC-4CE8-AD9C-D9BEB27A798B}"
EndProject
Project("{9A19103F-16F7-4668-BE54-9A1E7A4F7556}") = "Lessons11(DZ)", "Lessons11(DZ)\Lessons11(DZ).csproj", "{6F23D1E7-C0BD-4D64-9B08-13951F9BBCF9}"
EndProject
Project("{9A19103F-16F7-4668-BE54-9A1E7A4F7556}") = "Lesson12", "Lesson12\Lesson12.csproj", "{578BE2EB-27B1-414D-AEC0-2AFA38DB6639}"
EndProject
Project("{9A19103F-16F7-4668-BE54-9A1E7A4F7556}") = "Lesson13", "Lesson13\Lesson13.csproj", "{FC1F28C0-E519-4E6A-B5FA-72981D393D6D}"
EndProject
Project("{9A19103F-16F7-4668-BE54-9A1E7A4F7556}") = "Lesson14", "Lesson14\Lesson14.csproj", "{9FC8F195-08C8-4F6E-9DA2-2E310642EEF7}"
EndProject
Project("{9A19103F-16F7-4668-BE54-9A1E7A4F7556}") = "Lesson12(DZ)", "Lesson12(DZ)\Lesson12(DZ).csproj", "{CFB0FE52-A1DC-490E-AE34-BA4F072C1E95}"
EndProject
Project("{9A19103F-16F7-4668-BE54-9A1E7A4F7556}") = "Lesson13(DZ)", "Lesson13(DZ)\Lesson13(DZ).csproj", "{485F104B-8AD7-435B-8678-CAFCB17D7A98}"
EndProject
Project("{9A19103F-16F7-4668-BE54-9A1E7A4F7556}") = "Lesson15", "Lesson15\Lesson15.csproj", "{5869615A-61AD-4C0D-BB19-B059EA74CE97}"
EndProject
Project("{9A19103F-16F7-4668-BE54-9A1E7A4F7556}") = "Lesson16", "Lesson16\Lesson16.csproj", "{62589AC1-0895-4CD8-9476-327345ECF4A2}"
EndProject
Project("{9A19103F-16F7-4668-BE54-9A1E7A4F7556}") = "Lesson14(DZ)", "Lesson14(DZ)\Lesson14(DZ).csproj", "{9A76C2DF-ED0A-49FA-9705-5CC5F32C8D72}"
EndProject
Project("{9A19103F-16F7-4668-BE54-9A1E7A4F7556}") = "Lesson17", "Lesson17\Lesson17.csproj", "{5B741785-0DEC-4A55-9AB6-33F70F8AFCD5}"
EndProject
Project("{9A19103F-16F7-4668-BE54-9A1E7A4F7556}") = "Lesson15(DZ)", "Lesson15(DZ)\Lesson15(DZ).csproj", "{DC03FA60-FBAE-4FCA-B3A9-A8775B3164C9}"
EndProject
Project("{9A19103F-16F7-4668-BE54-9A1E7A4F7556}") = "Lesson18", "Lesson18\Lesson18.csproj", "{C342BED3-D832-40CD-9606-7A6CD9EC3F53}"
EndProject
Project("{9A19103F-16F7-4668-BE54-9A1E7A4F7556}") = "Lesson19", "Lesson19\Lesson19.csproj", "{CDDDF075-3507-4F21-885A-C9B220F82839}"
EndProject
Project("{9A19103F-16F7-4668-BE54-9A1E7A4F7556}") = "Lesson16(DZ)", "Lesson16(DZ)\Lesson16(DZ).csproj", "{1FA31C00-7318-47B0-8846-373B678629C4}"
EndProject
Project("{9A19103F-16F7-4668-BE54-9A1E7A4F7556}") = "Lesson20", "Lesson20\Lesson20.csproj", "{4B1E52E3-A2C2-4D93-BB73-F828CF56E721}"
EndProject
Project("{9A19103F-16F7-4668-BE54-9A1E7A4F7556}") = "Lesson17(DZ)", "Lesson17(DZ)\Lesson17(DZ).csproj", "{B764CB13-8D38-43F7-940C-863A53690A0A}"
EndProject
Project("{9A19103F-16F7-4668-BE54-9A1E7A4F7556}") = "Lesson21", "Lesson21\Lesson21.csproj", "{81A44477-00C9-4B78-9E21-3E87A653F0AA}"
EndProject
Project("{9A19103F-16F7-4668-BE54-9A1E7A4F7556}") = "Lesson18(DZ)", "Lesson18(DZ)\Lesson18(DZ).csproj", "{66AE0064-B11F-40BF-95F5-C70E69C8621B}"
EndProject
Project("{9A19103F-16F7-4668-BE54-9A1E7A4F7556}") = "Lesson22", "Lesson22\Lesson22.csproj", "{1E3CC3F1-9202-4645-9212-2BA9509955E3}"
EndProject
Project("{9A19103F-16F7-4668-BE54-9A1E7A4F7556}") = "Lesson19(DZ)", "Lesson19(DZ)\Lesson19(DZ).csproj", "{B1CA4EB1-A87B-4972-BE6C-1D4A5F754EC2}"
EndProject
Project("{9A19103F-16F7-4668-BE54-9A1E7A4F7556}") = "Lesson23", "Lesson23\Lesson23.csproj", "{4399019F-1AA2-44C4-A889-747EA555A458}"
EndProject
Project("{9A19103F-16F7-4668-BE54-9A1E7A4F7556}") = "Lesson24", "Lesson24\Lesson24.csproj", "{4A6898AC-A1DC-49AF-8C2C-267E8E54414C}"
EndProject
Project("{9A19103F-16F7-4668-BE54-9A1E7A4F7556}") = "Lesson25", "Lesson25\Lesson25.csproj", "{0E040147-CF4B-45E7-AF63-DAD37513A9C6}"
EndProject
Project("{9A19103F-16F7-4668-BE54-9A1E7A4F7556}") = "Lesson26", "Lesson26\Lesson26.csproj", "{5C400041-3F95-4623-873C-EF8509D36CB7}"
EndProject
Project("{9A19103F-16F7-4668-BE54-9A1E7A4F7556}") = "Lesson20(DZ)", "Lesson20(DZ)\Lesson20(DZ).csproj", "{42229D21-AB0E-4609-949A-6D81E89CEFDF}"
EndProject
Project("{9A19103F-16F7-4668-BE54-9A1E7A4F7556}") = "Lesson21(DZ)", "Lesson21(DZ)\Lesson21(DZ).csproj", "{9A20B211-B84C-4E42-AFB8-B6DD204C2C61}"
EndProject
Project("{9A19103F-16F7-4668-BE54-9A1E7A4F7556}") = "Lesson27", "Lesson27\Lesson27.csproj", "{D850F6FA-F0F4-4DEC-8A6F-DF24650A17D5}"
EndProject
Project("{9A19103F-16F7-4668-BE54-9A1E7A4F7556}") = "Lesson28", "Lesson28\Lesson28.csproj", "{73C41ACB-F938-46AD-B602-9A863A5A68D4}"
EndProject
Project("{9A19103F-16F7-4668-BE54-9A1E7A4F7556}") = "Lesson29", "Lesson29\Lesson29.csproj", "{10A01A9B-8C5D-4426-B1C6-07A2FECEB294}"
EndProject
Project("{9A19103F-16F7-4668-BE54-9A1E7A4F7556}") = "Lesson22(DZ)", "Lesson22(DZ)\Lesson22(DZ).csproj", "{CCD891C8-DF71-40F8-BFAD-D27EEBF1B333}"
EndProject
Project("{9A19103F-16F7-4668-BE54-9A1E7A4F7556}") = "Lesson30", "Lesson30\Lesson30.csproj", "{58BDF031-4752-4812-B482-C18F0DCCFCC9}"
EndProject
Project("{9A19103F-16F7-4668-BE54-9A1E7A4F7556}") = "Lesson24(DZ)", "Lesson24(DZ)\Lesson24(DZ).csproj", "{0976C441-A714-490E-B7E6-F2E61424718A}"
EndProject
Project("{9A19103F-16F7-4668-BE54-9A1E7A4F7556}") = "Lesson31(Windows Forms)", "Lesson31(Windows Forms)\Lesson31(Windows Forms).csproj", "{CF779232-0241-415E-A189-010B1EAB5329}"
EndProject
Project("{9A19103F-16F7-4668-BE54-9A1E7A4F7556}") = "Lesson31-1", "Lesson31-1\Lesson31-1.csproj", "{D350DDC2-BAE8-4DCB-B61D-E7B87820942D}"
EndProject
Project("{9A19103F-16F7-4668-BE54-9A1E7A4F7556}") = "Lesson31-2", "Lesson31-2\Lesson31-2.csproj", "{7090395D-F8D6-4515-BE0C-409ECC52299F}"
EndProject
Project("{9A19103F-16F7-4668-BE54-9A1E7A4F7556}") = "Lesson32-1", "Lesson32-1\Lesson32-1.csproj", "{7CA32941-E5D4-411C-A3FA-E681FF3CF099}"
EndProject
Project("{9A19103F-16F7-4668-BE54-9A1E7A4F7556}") = "Lesson32-2", "Lesson32-2\Lesson32-2.csproj", "{7FD0537B-7D4F-4982-92FA-E26F5B8BA721}"
EndProject
Project("{9A19103F-16F7-4668-BE54-9A1E7A4F7556}") = "Lesson33-1", "Lesson33-1\Lesson33-1.csproj", "{73CFE696-FA9D-4279-A473-64869A18257C}"
EndProject
Project("{9A19103F-16F7-4668-BE54-9A1E7A4F7556}") = "Lesson25(DZ)", "Lesson25(DZ)\Lesson25(DZ).csproj", "{A1B4EF9E-B199-4C12-8EFB-7C9C182B4967}"
EndProject
Project("{9A19103F-16F7-4668-BE54-9A1E7A4F7556}") = "Lesson33", "Lesson33\Lesson33.csproj", "{EBA0F4AA-ED72-41EF-A81F-959F599DAAAF}"
EndProject
Project("{FAE04EC0-301F-11D3-BF4B-00C04F79EFBC}") = "Lesson27(DZ)", "Lesson27(DZ)\Lesson27(DZ).csproj", "{A554110D-256F-4267-AB30-5321E872683F}"
EndProject
Project("{FAE04EC0-301F-11D3-BF4B-00C04F79EFBC}") = "Lesson34", "Lesson34\Lesson34.csproj", "{815C0F71-B325-4AE4-B10E-6A443D24C221}"
EndProject
Global
	GlobalSection(SolutionConfigurationPlatforms) = preSolution
		Debug|Any CPU = Debug|Any CPU
		Release|Any CPU = Release|Any CPU
	EndGlobalSection
	GlobalSection(ProjectConfigurationPlatforms) = postSolution
		{88D9CC5A-5AC0-4A52-9694-CD720F8A4B1C}.Debug|Any CPU.ActiveCfg = Debug|Any CPU
		{88D9CC5A-5AC0-4A52-9694-CD720F8A4B1C}.Debug|Any CPU.Build.0 = Debug|Any CPU
		{88D9CC5A-5AC0-4A52-9694-CD720F8A4B1C}.Release|Any CPU.ActiveCfg = Release|Any CPU
		{88D9CC5A-5AC0-4A52-9694-CD720F8A4B1C}.Release|Any CPU.Build.0 = Release|Any CPU
		{0097FC08-BE23-4996-A13C-925D18A452A4}.Debug|Any CPU.ActiveCfg = Debug|Any CPU
		{0097FC08-BE23-4996-A13C-925D18A452A4}.Debug|Any CPU.Build.0 = Debug|Any CPU
		{0097FC08-BE23-4996-A13C-925D18A452A4}.Release|Any CPU.ActiveCfg = Release|Any CPU
		{0097FC08-BE23-4996-A13C-925D18A452A4}.Release|Any CPU.Build.0 = Release|Any CPU
		{242DBB59-5AE2-4204-B6D8-36D9700C05E5}.Debug|Any CPU.ActiveCfg = Debug|Any CPU
		{242DBB59-5AE2-4204-B6D8-36D9700C05E5}.Debug|Any CPU.Build.0 = Debug|Any CPU
		{242DBB59-5AE2-4204-B6D8-36D9700C05E5}.Release|Any CPU.ActiveCfg = Release|Any CPU
		{242DBB59-5AE2-4204-B6D8-36D9700C05E5}.Release|Any CPU.Build.0 = Release|Any CPU
		{32735FE8-FA46-4B98-8ADB-98EFDA4CF537}.Debug|Any CPU.ActiveCfg = Debug|Any CPU
		{32735FE8-FA46-4B98-8ADB-98EFDA4CF537}.Debug|Any CPU.Build.0 = Debug|Any CPU
		{32735FE8-FA46-4B98-8ADB-98EFDA4CF537}.Release|Any CPU.ActiveCfg = Release|Any CPU
		{32735FE8-FA46-4B98-8ADB-98EFDA4CF537}.Release|Any CPU.Build.0 = Release|Any CPU
		{A37DEE38-BC03-47B0-8DC2-B145DD80FDC1}.Debug|Any CPU.ActiveCfg = Debug|Any CPU
		{A37DEE38-BC03-47B0-8DC2-B145DD80FDC1}.Debug|Any CPU.Build.0 = Debug|Any CPU
		{A37DEE38-BC03-47B0-8DC2-B145DD80FDC1}.Release|Any CPU.ActiveCfg = Release|Any CPU
		{A37DEE38-BC03-47B0-8DC2-B145DD80FDC1}.Release|Any CPU.Build.0 = Release|Any CPU
		{F51BE644-5282-424D-AF35-096B8FC94617}.Debug|Any CPU.ActiveCfg = Debug|Any CPU
		{F51BE644-5282-424D-AF35-096B8FC94617}.Debug|Any CPU.Build.0 = Debug|Any CPU
		{F51BE644-5282-424D-AF35-096B8FC94617}.Release|Any CPU.ActiveCfg = Release|Any CPU
		{F51BE644-5282-424D-AF35-096B8FC94617}.Release|Any CPU.Build.0 = Release|Any CPU
		{2BB0777C-CCCF-4E86-AAA4-050B20F57A9C}.Debug|Any CPU.ActiveCfg = Debug|Any CPU
		{2BB0777C-CCCF-4E86-AAA4-050B20F57A9C}.Debug|Any CPU.Build.0 = Debug|Any CPU
		{2BB0777C-CCCF-4E86-AAA4-050B20F57A9C}.Release|Any CPU.ActiveCfg = Release|Any CPU
		{2BB0777C-CCCF-4E86-AAA4-050B20F57A9C}.Release|Any CPU.Build.0 = Release|Any CPU
		{165E8E24-057D-4DE7-862C-0256421332AD}.Debug|Any CPU.ActiveCfg = Debug|Any CPU
		{165E8E24-057D-4DE7-862C-0256421332AD}.Debug|Any CPU.Build.0 = Debug|Any CPU
		{165E8E24-057D-4DE7-862C-0256421332AD}.Release|Any CPU.ActiveCfg = Release|Any CPU
		{165E8E24-057D-4DE7-862C-0256421332AD}.Release|Any CPU.Build.0 = Release|Any CPU
		{AC9B528C-95B2-44BC-8735-B490D37F9DE3}.Debug|Any CPU.ActiveCfg = Debug|Any CPU
		{AC9B528C-95B2-44BC-8735-B490D37F9DE3}.Debug|Any CPU.Build.0 = Debug|Any CPU
		{AC9B528C-95B2-44BC-8735-B490D37F9DE3}.Release|Any CPU.ActiveCfg = Release|Any CPU
		{AC9B528C-95B2-44BC-8735-B490D37F9DE3}.Release|Any CPU.Build.0 = Release|Any CPU
		{BA8ABF46-9BD2-4244-893C-090EF8E95799}.Debug|Any CPU.ActiveCfg = Debug|Any CPU
		{BA8ABF46-9BD2-4244-893C-090EF8E95799}.Debug|Any CPU.Build.0 = Debug|Any CPU
		{BA8ABF46-9BD2-4244-893C-090EF8E95799}.Release|Any CPU.ActiveCfg = Release|Any CPU
		{BA8ABF46-9BD2-4244-893C-090EF8E95799}.Release|Any CPU.Build.0 = Release|Any CPU
		{9C1AC724-ADA0-429B-977B-737339C5A981}.Debug|Any CPU.ActiveCfg = Debug|Any CPU
		{9C1AC724-ADA0-429B-977B-737339C5A981}.Debug|Any CPU.Build.0 = Debug|Any CPU
		{9C1AC724-ADA0-429B-977B-737339C5A981}.Release|Any CPU.ActiveCfg = Release|Any CPU
		{9C1AC724-ADA0-429B-977B-737339C5A981}.Release|Any CPU.Build.0 = Release|Any CPU
		{DF273755-365A-41CE-BB3F-869C19935935}.Debug|Any CPU.ActiveCfg = Debug|Any CPU
		{DF273755-365A-41CE-BB3F-869C19935935}.Debug|Any CPU.Build.0 = Debug|Any CPU
		{DF273755-365A-41CE-BB3F-869C19935935}.Release|Any CPU.ActiveCfg = Release|Any CPU
		{DF273755-365A-41CE-BB3F-869C19935935}.Release|Any CPU.Build.0 = Release|Any CPU
		{A9545FFD-53CC-4CE8-AD9C-D9BEB27A798B}.Debug|Any CPU.ActiveCfg = Debug|Any CPU
		{A9545FFD-53CC-4CE8-AD9C-D9BEB27A798B}.Debug|Any CPU.Build.0 = Debug|Any CPU
		{A9545FFD-53CC-4CE8-AD9C-D9BEB27A798B}.Release|Any CPU.ActiveCfg = Release|Any CPU
		{A9545FFD-53CC-4CE8-AD9C-D9BEB27A798B}.Release|Any CPU.Build.0 = Release|Any CPU
		{6F23D1E7-C0BD-4D64-9B08-13951F9BBCF9}.Debug|Any CPU.ActiveCfg = Debug|Any CPU
		{6F23D1E7-C0BD-4D64-9B08-13951F9BBCF9}.Debug|Any CPU.Build.0 = Debug|Any CPU
		{6F23D1E7-C0BD-4D64-9B08-13951F9BBCF9}.Release|Any CPU.ActiveCfg = Release|Any CPU
		{6F23D1E7-C0BD-4D64-9B08-13951F9BBCF9}.Release|Any CPU.Build.0 = Release|Any CPU
		{578BE2EB-27B1-414D-AEC0-2AFA38DB6639}.Debug|Any CPU.ActiveCfg = Debug|Any CPU
		{578BE2EB-27B1-414D-AEC0-2AFA38DB6639}.Debug|Any CPU.Build.0 = Debug|Any CPU
		{578BE2EB-27B1-414D-AEC0-2AFA38DB6639}.Release|Any CPU.ActiveCfg = Release|Any CPU
		{578BE2EB-27B1-414D-AEC0-2AFA38DB6639}.Release|Any CPU.Build.0 = Release|Any CPU
		{FC1F28C0-E519-4E6A-B5FA-72981D393D6D}.Debug|Any CPU.ActiveCfg = Debug|Any CPU
		{FC1F28C0-E519-4E6A-B5FA-72981D393D6D}.Debug|Any CPU.Build.0 = Debug|Any CPU
		{FC1F28C0-E519-4E6A-B5FA-72981D393D6D}.Release|Any CPU.ActiveCfg = Release|Any CPU
		{FC1F28C0-E519-4E6A-B5FA-72981D393D6D}.Release|Any CPU.Build.0 = Release|Any CPU
		{9FC8F195-08C8-4F6E-9DA2-2E310642EEF7}.Debug|Any CPU.ActiveCfg = Debug|Any CPU
		{9FC8F195-08C8-4F6E-9DA2-2E310642EEF7}.Debug|Any CPU.Build.0 = Debug|Any CPU
		{9FC8F195-08C8-4F6E-9DA2-2E310642EEF7}.Release|Any CPU.ActiveCfg = Release|Any CPU
		{9FC8F195-08C8-4F6E-9DA2-2E310642EEF7}.Release|Any CPU.Build.0 = Release|Any CPU
		{CFB0FE52-A1DC-490E-AE34-BA4F072C1E95}.Debug|Any CPU.ActiveCfg = Debug|Any CPU
		{CFB0FE52-A1DC-490E-AE34-BA4F072C1E95}.Debug|Any CPU.Build.0 = Debug|Any CPU
		{CFB0FE52-A1DC-490E-AE34-BA4F072C1E95}.Release|Any CPU.ActiveCfg = Release|Any CPU
		{CFB0FE52-A1DC-490E-AE34-BA4F072C1E95}.Release|Any CPU.Build.0 = Release|Any CPU
		{485F104B-8AD7-435B-8678-CAFCB17D7A98}.Debug|Any CPU.ActiveCfg = Debug|Any CPU
		{485F104B-8AD7-435B-8678-CAFCB17D7A98}.Debug|Any CPU.Build.0 = Debug|Any CPU
		{485F104B-8AD7-435B-8678-CAFCB17D7A98}.Release|Any CPU.ActiveCfg = Release|Any CPU
		{485F104B-8AD7-435B-8678-CAFCB17D7A98}.Release|Any CPU.Build.0 = Release|Any CPU
		{5869615A-61AD-4C0D-BB19-B059EA74CE97}.Debug|Any CPU.ActiveCfg = Debug|Any CPU
		{5869615A-61AD-4C0D-BB19-B059EA74CE97}.Debug|Any CPU.Build.0 = Debug|Any CPU
		{5869615A-61AD-4C0D-BB19-B059EA74CE97}.Release|Any CPU.ActiveCfg = Release|Any CPU
		{5869615A-61AD-4C0D-BB19-B059EA74CE97}.Release|Any CPU.Build.0 = Release|Any CPU
		{62589AC1-0895-4CD8-9476-327345ECF4A2}.Debug|Any CPU.ActiveCfg = Debug|Any CPU
		{62589AC1-0895-4CD8-9476-327345ECF4A2}.Debug|Any CPU.Build.0 = Debug|Any CPU
		{62589AC1-0895-4CD8-9476-327345ECF4A2}.Release|Any CPU.ActiveCfg = Release|Any CPU
		{62589AC1-0895-4CD8-9476-327345ECF4A2}.Release|Any CPU.Build.0 = Release|Any CPU
		{9A76C2DF-ED0A-49FA-9705-5CC5F32C8D72}.Debug|Any CPU.ActiveCfg = Debug|Any CPU
		{9A76C2DF-ED0A-49FA-9705-5CC5F32C8D72}.Debug|Any CPU.Build.0 = Debug|Any CPU
		{9A76C2DF-ED0A-49FA-9705-5CC5F32C8D72}.Release|Any CPU.ActiveCfg = Release|Any CPU
		{9A76C2DF-ED0A-49FA-9705-5CC5F32C8D72}.Release|Any CPU.Build.0 = Release|Any CPU
		{5B741785-0DEC-4A55-9AB6-33F70F8AFCD5}.Debug|Any CPU.ActiveCfg = Debug|Any CPU
		{5B741785-0DEC-4A55-9AB6-33F70F8AFCD5}.Debug|Any CPU.Build.0 = Debug|Any CPU
		{5B741785-0DEC-4A55-9AB6-33F70F8AFCD5}.Release|Any CPU.ActiveCfg = Release|Any CPU
		{5B741785-0DEC-4A55-9AB6-33F70F8AFCD5}.Release|Any CPU.Build.0 = Release|Any CPU
		{DC03FA60-FBAE-4FCA-B3A9-A8775B3164C9}.Debug|Any CPU.ActiveCfg = Debug|Any CPU
		{DC03FA60-FBAE-4FCA-B3A9-A8775B3164C9}.Debug|Any CPU.Build.0 = Debug|Any CPU
		{DC03FA60-FBAE-4FCA-B3A9-A8775B3164C9}.Release|Any CPU.ActiveCfg = Release|Any CPU
		{DC03FA60-FBAE-4FCA-B3A9-A8775B3164C9}.Release|Any CPU.Build.0 = Release|Any CPU
		{C342BED3-D832-40CD-9606-7A6CD9EC3F53}.Debug|Any CPU.ActiveCfg = Debug|Any CPU
		{C342BED3-D832-40CD-9606-7A6CD9EC3F53}.Debug|Any CPU.Build.0 = Debug|Any CPU
		{C342BED3-D832-40CD-9606-7A6CD9EC3F53}.Release|Any CPU.ActiveCfg = Release|Any CPU
		{C342BED3-D832-40CD-9606-7A6CD9EC3F53}.Release|Any CPU.Build.0 = Release|Any CPU
		{CDDDF075-3507-4F21-885A-C9B220F82839}.Debug|Any CPU.ActiveCfg = Debug|Any CPU
		{CDDDF075-3507-4F21-885A-C9B220F82839}.Debug|Any CPU.Build.0 = Debug|Any CPU
		{CDDDF075-3507-4F21-885A-C9B220F82839}.Release|Any CPU.ActiveCfg = Release|Any CPU
		{CDDDF075-3507-4F21-885A-C9B220F82839}.Release|Any CPU.Build.0 = Release|Any CPU
		{1FA31C00-7318-47B0-8846-373B678629C4}.Debug|Any CPU.ActiveCfg = Debug|Any CPU
		{1FA31C00-7318-47B0-8846-373B678629C4}.Debug|Any CPU.Build.0 = Debug|Any CPU
		{1FA31C00-7318-47B0-8846-373B678629C4}.Release|Any CPU.ActiveCfg = Release|Any CPU
		{1FA31C00-7318-47B0-8846-373B678629C4}.Release|Any CPU.Build.0 = Release|Any CPU
		{4B1E52E3-A2C2-4D93-BB73-F828CF56E721}.Debug|Any CPU.ActiveCfg = Debug|Any CPU
		{4B1E52E3-A2C2-4D93-BB73-F828CF56E721}.Debug|Any CPU.Build.0 = Debug|Any CPU
		{4B1E52E3-A2C2-4D93-BB73-F828CF56E721}.Release|Any CPU.ActiveCfg = Release|Any CPU
		{4B1E52E3-A2C2-4D93-BB73-F828CF56E721}.Release|Any CPU.Build.0 = Release|Any CPU
		{B764CB13-8D38-43F7-940C-863A53690A0A}.Debug|Any CPU.ActiveCfg = Debug|Any CPU
		{B764CB13-8D38-43F7-940C-863A53690A0A}.Debug|Any CPU.Build.0 = Debug|Any CPU
		{B764CB13-8D38-43F7-940C-863A53690A0A}.Release|Any CPU.ActiveCfg = Release|Any CPU
		{B764CB13-8D38-43F7-940C-863A53690A0A}.Release|Any CPU.Build.0 = Release|Any CPU
		{81A44477-00C9-4B78-9E21-3E87A653F0AA}.Debug|Any CPU.ActiveCfg = Debug|Any CPU
		{81A44477-00C9-4B78-9E21-3E87A653F0AA}.Debug|Any CPU.Build.0 = Debug|Any CPU
		{81A44477-00C9-4B78-9E21-3E87A653F0AA}.Release|Any CPU.ActiveCfg = Release|Any CPU
		{81A44477-00C9-4B78-9E21-3E87A653F0AA}.Release|Any CPU.Build.0 = Release|Any CPU
		{66AE0064-B11F-40BF-95F5-C70E69C8621B}.Debug|Any CPU.ActiveCfg = Debug|Any CPU
		{66AE0064-B11F-40BF-95F5-C70E69C8621B}.Debug|Any CPU.Build.0 = Debug|Any CPU
		{66AE0064-B11F-40BF-95F5-C70E69C8621B}.Release|Any CPU.ActiveCfg = Release|Any CPU
		{66AE0064-B11F-40BF-95F5-C70E69C8621B}.Release|Any CPU.Build.0 = Release|Any CPU
		{1E3CC3F1-9202-4645-9212-2BA9509955E3}.Debug|Any CPU.ActiveCfg = Debug|Any CPU
		{1E3CC3F1-9202-4645-9212-2BA9509955E3}.Debug|Any CPU.Build.0 = Debug|Any CPU
		{1E3CC3F1-9202-4645-9212-2BA9509955E3}.Release|Any CPU.ActiveCfg = Release|Any CPU
		{1E3CC3F1-9202-4645-9212-2BA9509955E3}.Release|Any CPU.Build.0 = Release|Any CPU
		{B1CA4EB1-A87B-4972-BE6C-1D4A5F754EC2}.Debug|Any CPU.ActiveCfg = Debug|Any CPU
		{B1CA4EB1-A87B-4972-BE6C-1D4A5F754EC2}.Debug|Any CPU.Build.0 = Debug|Any CPU
		{B1CA4EB1-A87B-4972-BE6C-1D4A5F754EC2}.Release|Any CPU.ActiveCfg = Release|Any CPU
		{B1CA4EB1-A87B-4972-BE6C-1D4A5F754EC2}.Release|Any CPU.Build.0 = Release|Any CPU
		{4399019F-1AA2-44C4-A889-747EA555A458}.Debug|Any CPU.ActiveCfg = Debug|Any CPU
		{4399019F-1AA2-44C4-A889-747EA555A458}.Debug|Any CPU.Build.0 = Debug|Any CPU
		{4399019F-1AA2-44C4-A889-747EA555A458}.Release|Any CPU.ActiveCfg = Release|Any CPU
		{4399019F-1AA2-44C4-A889-747EA555A458}.Release|Any CPU.Build.0 = Release|Any CPU
		{4A6898AC-A1DC-49AF-8C2C-267E8E54414C}.Debug|Any CPU.ActiveCfg = Debug|Any CPU
		{4A6898AC-A1DC-49AF-8C2C-267E8E54414C}.Debug|Any CPU.Build.0 = Debug|Any CPU
		{4A6898AC-A1DC-49AF-8C2C-267E8E54414C}.Release|Any CPU.ActiveCfg = Release|Any CPU
		{4A6898AC-A1DC-49AF-8C2C-267E8E54414C}.Release|Any CPU.Build.0 = Release|Any CPU
		{0E040147-CF4B-45E7-AF63-DAD37513A9C6}.Debug|Any CPU.ActiveCfg = Debug|Any CPU
		{0E040147-CF4B-45E7-AF63-DAD37513A9C6}.Debug|Any CPU.Build.0 = Debug|Any CPU
		{0E040147-CF4B-45E7-AF63-DAD37513A9C6}.Release|Any CPU.ActiveCfg = Release|Any CPU
		{0E040147-CF4B-45E7-AF63-DAD37513A9C6}.Release|Any CPU.Build.0 = Release|Any CPU
		{5C400041-3F95-4623-873C-EF8509D36CB7}.Debug|Any CPU.ActiveCfg = Debug|Any CPU
		{5C400041-3F95-4623-873C-EF8509D36CB7}.Debug|Any CPU.Build.0 = Debug|Any CPU
		{5C400041-3F95-4623-873C-EF8509D36CB7}.Release|Any CPU.ActiveCfg = Release|Any CPU
		{5C400041-3F95-4623-873C-EF8509D36CB7}.Release|Any CPU.Build.0 = Release|Any CPU
		{42229D21-AB0E-4609-949A-6D81E89CEFDF}.Debug|Any CPU.ActiveCfg = Debug|Any CPU
		{42229D21-AB0E-4609-949A-6D81E89CEFDF}.Debug|Any CPU.Build.0 = Debug|Any CPU
		{42229D21-AB0E-4609-949A-6D81E89CEFDF}.Release|Any CPU.ActiveCfg = Release|Any CPU
		{42229D21-AB0E-4609-949A-6D81E89CEFDF}.Release|Any CPU.Build.0 = Release|Any CPU
		{9A20B211-B84C-4E42-AFB8-B6DD204C2C61}.Debug|Any CPU.ActiveCfg = Debug|Any CPU
		{9A20B211-B84C-4E42-AFB8-B6DD204C2C61}.Debug|Any CPU.Build.0 = Debug|Any CPU
		{9A20B211-B84C-4E42-AFB8-B6DD204C2C61}.Release|Any CPU.ActiveCfg = Release|Any CPU
		{9A20B211-B84C-4E42-AFB8-B6DD204C2C61}.Release|Any CPU.Build.0 = Release|Any CPU
		{D850F6FA-F0F4-4DEC-8A6F-DF24650A17D5}.Debug|Any CPU.ActiveCfg = Debug|Any CPU
		{D850F6FA-F0F4-4DEC-8A6F-DF24650A17D5}.Debug|Any CPU.Build.0 = Debug|Any CPU
		{D850F6FA-F0F4-4DEC-8A6F-DF24650A17D5}.Release|Any CPU.ActiveCfg = Release|Any CPU
		{D850F6FA-F0F4-4DEC-8A6F-DF24650A17D5}.Release|Any CPU.Build.0 = Release|Any CPU
		{73C41ACB-F938-46AD-B602-9A863A5A68D4}.Debug|Any CPU.ActiveCfg = Debug|Any CPU
		{73C41ACB-F938-46AD-B602-9A863A5A68D4}.Debug|Any CPU.Build.0 = Debug|Any CPU
		{73C41ACB-F938-46AD-B602-9A863A5A68D4}.Release|Any CPU.ActiveCfg = Release|Any CPU
		{73C41ACB-F938-46AD-B602-9A863A5A68D4}.Release|Any CPU.Build.0 = Release|Any CPU
		{10A01A9B-8C5D-4426-B1C6-07A2FECEB294}.Debug|Any CPU.ActiveCfg = Debug|Any CPU
		{10A01A9B-8C5D-4426-B1C6-07A2FECEB294}.Debug|Any CPU.Build.0 = Debug|Any CPU
		{10A01A9B-8C5D-4426-B1C6-07A2FECEB294}.Release|Any CPU.ActiveCfg = Release|Any CPU
		{10A01A9B-8C5D-4426-B1C6-07A2FECEB294}.Release|Any CPU.Build.0 = Release|Any CPU
		{CCD891C8-DF71-40F8-BFAD-D27EEBF1B333}.Debug|Any CPU.ActiveCfg = Debug|Any CPU
		{CCD891C8-DF71-40F8-BFAD-D27EEBF1B333}.Debug|Any CPU.Build.0 = Debug|Any CPU
		{CCD891C8-DF71-40F8-BFAD-D27EEBF1B333}.Release|Any CPU.ActiveCfg = Release|Any CPU
		{CCD891C8-DF71-40F8-BFAD-D27EEBF1B333}.Release|Any CPU.Build.0 = Release|Any CPU
		{58BDF031-4752-4812-B482-C18F0DCCFCC9}.Debug|Any CPU.ActiveCfg = Debug|Any CPU
		{58BDF031-4752-4812-B482-C18F0DCCFCC9}.Debug|Any CPU.Build.0 = Debug|Any CPU
		{58BDF031-4752-4812-B482-C18F0DCCFCC9}.Release|Any CPU.ActiveCfg = Release|Any CPU
		{58BDF031-4752-4812-B482-C18F0DCCFCC9}.Release|Any CPU.Build.0 = Release|Any CPU
		{0976C441-A714-490E-B7E6-F2E61424718A}.Debug|Any CPU.ActiveCfg = Debug|Any CPU
		{0976C441-A714-490E-B7E6-F2E61424718A}.Debug|Any CPU.Build.0 = Debug|Any CPU
		{0976C441-A714-490E-B7E6-F2E61424718A}.Release|Any CPU.ActiveCfg = Release|Any CPU
		{0976C441-A714-490E-B7E6-F2E61424718A}.Release|Any CPU.Build.0 = Release|Any CPU
		{CF779232-0241-415E-A189-010B1EAB5329}.Debug|Any CPU.ActiveCfg = Debug|Any CPU
		{CF779232-0241-415E-A189-010B1EAB5329}.Debug|Any CPU.Build.0 = Debug|Any CPU
		{CF779232-0241-415E-A189-010B1EAB5329}.Release|Any CPU.ActiveCfg = Release|Any CPU
		{CF779232-0241-415E-A189-010B1EAB5329}.Release|Any CPU.Build.0 = Release|Any CPU
		{D350DDC2-BAE8-4DCB-B61D-E7B87820942D}.Debug|Any CPU.ActiveCfg = Debug|Any CPU
		{D350DDC2-BAE8-4DCB-B61D-E7B87820942D}.Debug|Any CPU.Build.0 = Debug|Any CPU
		{D350DDC2-BAE8-4DCB-B61D-E7B87820942D}.Release|Any CPU.ActiveCfg = Release|Any CPU
		{D350DDC2-BAE8-4DCB-B61D-E7B87820942D}.Release|Any CPU.Build.0 = Release|Any CPU
		{7090395D-F8D6-4515-BE0C-409ECC52299F}.Debug|Any CPU.ActiveCfg = Debug|Any CPU
		{7090395D-F8D6-4515-BE0C-409ECC52299F}.Debug|Any CPU.Build.0 = Debug|Any CPU
		{7090395D-F8D6-4515-BE0C-409ECC52299F}.Release|Any CPU.ActiveCfg = Release|Any CPU
		{7090395D-F8D6-4515-BE0C-409ECC52299F}.Release|Any CPU.Build.0 = Release|Any CPU
		{7CA32941-E5D4-411C-A3FA-E681FF3CF099}.Debug|Any CPU.ActiveCfg = Debug|Any CPU
		{7CA32941-E5D4-411C-A3FA-E681FF3CF099}.Debug|Any CPU.Build.0 = Debug|Any CPU
		{7CA32941-E5D4-411C-A3FA-E681FF3CF099}.Release|Any CPU.ActiveCfg = Release|Any CPU
		{7CA32941-E5D4-411C-A3FA-E681FF3CF099}.Release|Any CPU.Build.0 = Release|Any CPU
		{7FD0537B-7D4F-4982-92FA-E26F5B8BA721}.Debug|Any CPU.ActiveCfg = Debug|Any CPU
		{7FD0537B-7D4F-4982-92FA-E26F5B8BA721}.Debug|Any CPU.Build.0 = Debug|Any CPU
		{7FD0537B-7D4F-4982-92FA-E26F5B8BA721}.Release|Any CPU.ActiveCfg = Release|Any CPU
		{7FD0537B-7D4F-4982-92FA-E26F5B8BA721}.Release|Any CPU.Build.0 = Release|Any CPU
		{73CFE696-FA9D-4279-A473-64869A18257C}.Debug|Any CPU.ActiveCfg = Debug|Any CPU
		{73CFE696-FA9D-4279-A473-64869A18257C}.Debug|Any CPU.Build.0 = Debug|Any CPU
		{73CFE696-FA9D-4279-A473-64869A18257C}.Release|Any CPU.ActiveCfg = Release|Any CPU
		{73CFE696-FA9D-4279-A473-64869A18257C}.Release|Any CPU.Build.0 = Release|Any CPU
		{A1B4EF9E-B199-4C12-8EFB-7C9C182B4967}.Debug|Any CPU.ActiveCfg = Debug|Any CPU
		{A1B4EF9E-B199-4C12-8EFB-7C9C182B4967}.Debug|Any CPU.Build.0 = Debug|Any CPU
		{A1B4EF9E-B199-4C12-8EFB-7C9C182B4967}.Release|Any CPU.ActiveCfg = Release|Any CPU
		{A1B4EF9E-B199-4C12-8EFB-7C9C182B4967}.Release|Any CPU.Build.0 = Release|Any CPU
		{EBA0F4AA-ED72-41EF-A81F-959F599DAAAF}.Debug|Any CPU.ActiveCfg = Debug|Any CPU
		{EBA0F4AA-ED72-41EF-A81F-959F599DAAAF}.Debug|Any CPU.Build.0 = Debug|Any CPU
		{EBA0F4AA-ED72-41EF-A81F-959F599DAAAF}.Release|Any CPU.ActiveCfg = Release|Any CPU
		{EBA0F4AA-ED72-41EF-A81F-959F599DAAAF}.Release|Any CPU.Build.0 = Release|Any CPU
		{A554110D-256F-4267-AB30-5321E872683F}.Debug|Any CPU.ActiveCfg = Debug|Any CPU
		{A554110D-256F-4267-AB30-5321E872683F}.Debug|Any CPU.Build.0 = Debug|Any CPU
		{A554110D-256F-4267-AB30-5321E872683F}.Release|Any CPU.ActiveCfg = Release|Any CPU
		{A554110D-256F-4267-AB30-5321E872683F}.Release|Any CPU.Build.0 = Release|Any CPU
		{815C0F71-B325-4AE4-B10E-6A443D24C221}.Debug|Any CPU.ActiveCfg = Debug|Any CPU
		{815C0F71-B325-4AE4-B10E-6A443D24C221}.Debug|Any CPU.Build.0 = Debug|Any CPU
		{815C0F71-B325-4AE4-B10E-6A443D24C221}.Release|Any CPU.ActiveCfg = Release|Any CPU
		{815C0F71-B325-4AE4-B10E-6A443D24C221}.Release|Any CPU.Build.0 = Release|Any CPU
	EndGlobalSection
	GlobalSection(SolutionProperties) = preSolution
		HideSolutionNode = FALSE
	EndGlobalSection
	GlobalSection(ExtensibilityGlobals) = postSolution
		SolutionGuid = {6352AF0B-D62A-42C7-9B58-3850A407E11D}
	EndGlobalSection
EndGlobal
