
Microsoft Visual Studio Solution File, Format Version 12.00
# Visual Studio Version 17
VisualStudioVersion = 17.8.34330.188
MinimumVisualStudioVersion = 10.0.40219.1
Project("{9A19103F-16F7-4668-BE54-9A1E7A4F7556}") = "ConsoleApp4", "ConsoleApp4\ConsoleApp4.csproj", "{88D9CC5A-5AC0-4A52-9694-CD720F8A4B1C}"
EndProject
Project("{9A19103F-16F7-4668-BE54-9A1E7A4F7556}") = "Lesson1", "Lesson1\Lesson1.csproj", "{0097FC08-BE23-4996-A13C-925D18A452A4}"
EndProject
Project("{9A19103F-16F7-4668-BE54-9A1E7A4F7556}") = "Lesson6", "..\Lesson6\Lesson6.csproj", "{242DBB59-5AE2-4204-B6D8-36D9700C05E5}"
EndProject
Project("{9A19103F-16F7-4668-BE54-9A1E7A4F7556}") = "Lesson7", "Lesson7\Lesson7.csproj", "{32735FE8-FA46-4B98-8ADB-98EFDA4CF537}"
EndProject
Project("{FAE04EC0-301F-11D3-BF4B-00C04F79EFBC}") = "Lessons7(dz)", "Lessons7(dz)\Lessons7(dz).csproj", "{A37DEE38-BC03-47B0-8DC2-B145DD80FDC1}"
EndProject
Global
	GlobalSection(SolutionConfigurationPlatforms) = preSolution
		Debug|Any CPU = Debug|Any CPU
		Release|Any CPU = Release|Any CPU
	EndGlobalSection
	GlobalSection(ProjectConfigurationPlatforms) = postSolution
		{88D9CC5A-5AC0-4A52-9694-CD720F8A4B1C}.Debug|Any CPU.ActiveCfg = Debug|Any CPU
		{88D9CC5A-5AC0-4A52-9694-CD720F8A4B1C}.Debug|Any CPU.Build.0 = Debug|Any CPU
		{88D9CC5A-5AC0-4A52-9694-CD720F8A4B1C}.Release|Any CPU.ActiveCfg = Release|Any CPU
		{88D9CC5A-5AC0-4A52-9694-CD720F8A4B1C}.Release|Any CPU.Build.0 = Release|Any CPU
		{0097FC08-BE23-4996-A13C-925D18A452A4}.Debug|Any CPU.ActiveCfg = Debug|Any CPU
		{0097FC08-BE23-4996-A13C-925D18A452A4}.Debug|Any CPU.Build.0 = Debug|Any CPU
		{0097FC08-BE23-4996-A13C-925D18A452A4}.Release|Any CPU.ActiveCfg = Release|Any CPU
		{0097FC08-BE23-4996-A13C-925D18A452A4}.Release|Any CPU.Build.0 = Release|Any CPU
		{242DBB59-5AE2-4204-B6D8-36D9700C05E5}.Debug|Any CPU.ActiveCfg = Debug|Any CPU
		{242DBB59-5AE2-4204-B6D8-36D9700C05E5}.Debug|Any CPU.Build.0 = Debug|Any CPU
		{242DBB59-5AE2-4204-B6D8-36D9700C05E5}.Release|Any CPU.ActiveCfg = Release|Any CPU
		{242DBB59-5AE2-4204-B6D8-36D9700C05E5}.Release|Any CPU.Build.0 = Release|Any CPU
		{32735FE8-FA46-4B98-8ADB-98EFDA4CF537}.Debug|Any CPU.ActiveCfg = Debug|Any CPU
		{32735FE8-FA46-4B98-8ADB-98EFDA4CF537}.Debug|Any CPU.Build.0 = Debug|Any CPU
		{32735FE8-FA46-4B98-8ADB-98EFDA4CF537}.Release|Any CPU.ActiveCfg = Release|Any CPU
		{32735FE8-FA46-4B98-8ADB-98EFDA4CF537}.Release|Any CPU.Build.0 = Release|Any CPU
		{A37DEE38-BC03-47B0-8DC2-B145DD80FDC1}.Debug|Any CPU.ActiveCfg = Debug|Any CPU
		{A37DEE38-BC03-47B0-8DC2-B145DD80FDC1}.Debug|Any CPU.Build.0 = Debug|Any CPU
		{A37DEE38-BC03-47B0-8DC2-B145DD80FDC1}.Release|Any CPU.ActiveCfg = Release|Any CPU
		{A37DEE38-BC03-47B0-8DC2-B145DD80FDC1}.Release|Any CPU.Build.0 = Release|Any CPU
	EndGlobalSection
	GlobalSection(SolutionProperties) = preSolution
		HideSolutionNode = FALSE
	EndGlobalSection
	GlobalSection(ExtensibilityGlobals) = postSolution
		SolutionGuid = {6352AF0B-D62A-42C7-9B58-3850A407E11D}
	EndGlobalSection
EndGlobal
