
Microsoft Visual Studio Solution File, Format Version 12.00
# Visual Studio Version 17
VisualStudioVersion = 17.8.34330.188
MinimumVisualStudioVersion = 10.0.40219.1
Project("{9A19103F-16F7-4668-BE54-9A1E7A4F7556}") = "ConsoleApp4", "ConsoleApp4\ConsoleApp4.csproj", "{88D9CC5A-5AC0-4A52-9694-CD720F8A4B1C}"
EndProject
Project("{9A19103F-16F7-4668-BE54-9A1E7A4F7556}") = "Lesson1", "Lesson1\Lesson1.csproj", "{0097FC08-BE23-4996-A13C-925D18A452A4}"
EndProject
Project("{9A19103F-16F7-4668-BE54-9A1E7A4F7556}") = "Lesson6", "..\Lesson6\Lesson6.csproj", "{242DBB59-5AE2-4204-B6D8-36D9700C05E5}"
EndProject
Project("{9A19103F-16F7-4668-BE54-9A1E7A4F7556}") = "Lesson7", "Lesson7\Lesson7.csproj", "{32735FE8-FA46-4B98-8ADB-98EFDA4CF537}"
EndProject
Project("{9A19103F-16F7-4668-BE54-9A1E7A4F7556}") = "Lessons7(dz)", "Lessons7(dz)\Lessons7(dz).csproj", "{A37DEE38-BC03-47B0-8DC2-B145DD80FDC1}"
EndProject
Project("{9A19103F-16F7-4668-BE54-9A1E7A4F7556}") = "Lesson6(dz)", "Lesson6(dz)\Lesson6(dz).csproj", "{F51BE644-5282-424D-AF35-096B8FC94617}"
EndProject
Project("{9A19103F-16F7-4668-BE54-9A1E7A4F7556}") = "Lesson8", "Lesson8\Lesson8.csproj", "{2BB0777C-CCCF-4E86-AAA4-050B20F57A9C}"
EndProject
Project("{9A19103F-16F7-4668-BE54-9A1E7A4F7556}") = "Lesson9", "Lesson9\Lesson9.csproj", "{165E8E24-057D-4DE7-862C-0256421332AD}"
EndProject
Project("{9A19103F-16F7-4668-BE54-9A1E7A4F7556}") = "Lesson8(DZ)", "Lesson8(DZ)\Lesson8(DZ).csproj", "{AC9B528C-95B2-44BC-8735-B490D37F9DE3}"
EndProject
Project("{9A19103F-16F7-4668-BE54-9A1E7A4F7556}") = "Lesson 10", "Lesson 10\Lesson 10.csproj", "{BA8ABF46-9BD2-4244-893C-090EF8E95799}"
EndProject
Project("{9A19103F-16F7-4668-BE54-9A1E7A4F7556}") = "Lesson9(DZ)", "Lesson9(DZ)\Lesson9(DZ).csproj", "{9C1AC724-ADA0-429B-977B-737339C5A981}"
EndProject
Project("{9A19103F-16F7-4668-BE54-9A1E7A4F7556}") = "Lesson 10(DZ)", "Lesson 10(DZ)\Lesson 10(DZ).csproj", "{DF273755-365A-41CE-BB3F-869C19935935}"
EndProject
Project("{9A19103F-16F7-4668-BE54-9A1E7A4F7556}") = "Lesson11", "Lesson11\Lesson11.csproj", "{A9545FFD-53CC-4CE8-AD9C-D9BEB27A798B}"
EndProject
Project("{9A19103F-16F7-4668-BE54-9A1E7A4F7556}") = "Lessons11(DZ)", "Lessons11(DZ)\Lessons11(DZ).csproj", "{6F23D1E7-C0BD-4D64-9B08-13951F9BBCF9}"
EndProject
Project("{9A19103F-16F7-4668-BE54-9A1E7A4F7556}") = "Lesson12", "Lesson12\Lesson12.csproj", "{578BE2EB-27B1-414D-AEC0-2AFA38DB6639}"
EndProject
Project("{9A19103F-16F7-4668-BE54-9A1E7A4F7556}") = "Lesson13", "Lesson13\Lesson13.csproj", "{FC1F28C0-E519-4E6A-B5FA-72981D393D6D}"
EndProject
Project("{9A19103F-16F7-4668-BE54-9A1E7A4F7556}") = "Lesson14", "Lesson14\Lesson14.csproj", "{9FC8F195-08C8-4F6E-9DA2-2E310642EEF7}"
EndProject
Project("{9A19103F-16F7-4668-BE54-9A1E7A4F7556}") = "Lesson12(DZ)", "Lesson12(DZ)\Lesson12(DZ).csproj", "{CFB0FE52-A1DC-490E-AE34-BA4F072C1E95}"
EndProject
Project("{9A19103F-16F7-4668-BE54-9A1E7A4F7556}") = "Lesson13(DZ)", "Lesson13(DZ)\Lesson13(DZ).csproj", "{485F104B-8AD7-435B-8678-CAFCB17D7A98}"
EndProject
Project("{9A19103F-16F7-4668-BE54-9A1E7A4F7556}") = "Lesson15", "Lesson15\Lesson15.csproj", "{5869615A-61AD-4C0D-BB19-B059EA74CE97}"
EndProject
Project("{9A19103F-16F7-4668-BE54-9A1E7A4F7556}") = "Lesson16", "Lesson16\Lesson16.csproj", "{62589AC1-0895-4CD8-9476-327345ECF4A2}"
EndProject
Project("{9A19103F-16F7-4668-BE54-9A1E7A4F7556}") = "Lesson14(DZ)", "Lesson14(DZ)\Lesson14(DZ).csproj", "{9A76C2DF-ED0A-49FA-9705-5CC5F32C8D72}"
EndProject
Project("{9A19103F-16F7-4668-BE54-9A1E7A4F7556}") = "Lesson17", "Lesson17\Lesson17.csproj", "{5B741785-0DEC-4A55-9AB6-33F70F8AFCD5}"
EndProject
Project("{FAE04EC0-301F-11D3-BF4B-00C04F79EFBC}") = "Lesson15(DZ)", "Lesson15(DZ)\Lesson15(DZ).csproj", "{DC03FA60-FBAE-4FCA-B3A9-A8775B3164C9}"
EndProject
Global
	GlobalSection(SolutionConfigurationPlatforms) = preSolution
		Debug|Any CPU = Debug|Any CPU
		Release|Any CPU = Release|Any CPU
	EndGlobalSection
	GlobalSection(ProjectConfigurationPlatforms) = postSolution
		{88D9CC5A-5AC0-4A52-9694-CD720F8A4B1C}.Debug|Any CPU.ActiveCfg = Debug|Any CPU
		{88D9CC5A-5AC0-4A52-9694-CD720F8A4B1C}.Debug|Any CPU.Build.0 = Debug|Any CPU
		{88D9CC5A-5AC0-4A52-9694-CD720F8A4B1C}.Release|Any CPU.ActiveCfg = Release|Any CPU
		{88D9CC5A-5AC0-4A52-9694-CD720F8A4B1C}.Release|Any CPU.Build.0 = Release|Any CPU
		{0097FC08-BE23-4996-A13C-925D18A452A4}.Debug|Any CPU.ActiveCfg = Debug|Any CPU
		{0097FC08-BE23-4996-A13C-925D18A452A4}.Debug|Any CPU.Build.0 = Debug|Any CPU
		{0097FC08-BE23-4996-A13C-925D18A452A4}.Release|Any CPU.ActiveCfg = Release|Any CPU
		{0097FC08-BE23-4996-A13C-925D18A452A4}.Release|Any CPU.Build.0 = Release|Any CPU
		{242DBB59-5AE2-4204-B6D8-36D9700C05E5}.Debug|Any CPU.ActiveCfg = Debug|Any CPU
		{242DBB59-5AE2-4204-B6D8-36D9700C05E5}.Debug|Any CPU.Build.0 = Debug|Any CPU
		{242DBB59-5AE2-4204-B6D8-36D9700C05E5}.Release|Any CPU.ActiveCfg = Release|Any CPU
		{242DBB59-5AE2-4204-B6D8-36D9700C05E5}.Release|Any CPU.Build.0 = Release|Any CPU
		{32735FE8-FA46-4B98-8ADB-98EFDA4CF537}.Debug|Any CPU.ActiveCfg = Debug|Any CPU
		{32735FE8-FA46-4B98-8ADB-98EFDA4CF537}.Debug|Any CPU.Build.0 = Debug|Any CPU
		{32735FE8-FA46-4B98-8ADB-98EFDA4CF537}.Release|Any CPU.ActiveCfg = Release|Any CPU
		{32735FE8-FA46-4B98-8ADB-98EFDA4CF537}.Release|Any CPU.Build.0 = Release|Any CPU
		{A37DEE38-BC03-47B0-8DC2-B145DD80FDC1}.Debug|Any CPU.ActiveCfg = Debug|Any CPU
		{A37DEE38-BC03-47B0-8DC2-B145DD80FDC1}.Debug|Any CPU.Build.0 = Debug|Any CPU
		{A37DEE38-BC03-47B0-8DC2-B145DD80FDC1}.Release|Any CPU.ActiveCfg = Release|Any CPU
		{A37DEE38-BC03-47B0-8DC2-B145DD80FDC1}.Release|Any CPU.Build.0 = Release|Any CPU
		{F51BE644-5282-424D-AF35-096B8FC94617}.Debug|Any CPU.ActiveCfg = Debug|Any CPU
		{F51BE644-5282-424D-AF35-096B8FC94617}.Debug|Any CPU.Build.0 = Debug|Any CPU
		{F51BE644-5282-424D-AF35-096B8FC94617}.Release|Any CPU.ActiveCfg = Release|Any CPU
		{F51BE644-5282-424D-AF35-096B8FC94617}.Release|Any CPU.Build.0 = Release|Any CPU
		{2BB0777C-CCCF-4E86-AAA4-050B20F57A9C}.Debug|Any CPU.ActiveCfg = Debug|Any CPU
		{2BB0777C-CCCF-4E86-AAA4-050B20F57A9C}.Debug|Any CPU.Build.0 = Debug|Any CPU
		{2BB0777C-CCCF-4E86-AAA4-050B20F57A9C}.Release|Any CPU.ActiveCfg = Release|Any CPU
		{2BB0777C-CCCF-4E86-AAA4-050B20F57A9C}.Release|Any CPU.Build.0 = Release|Any CPU
		{165E8E24-057D-4DE7-862C-0256421332AD}.Debug|Any CPU.ActiveCfg = Debug|Any CPU
		{165E8E24-057D-4DE7-862C-0256421332AD}.Debug|Any CPU.Build.0 = Debug|Any CPU
		{165E8E24-057D-4DE7-862C-0256421332AD}.Release|Any CPU.ActiveCfg = Release|Any CPU
		{165E8E24-057D-4DE7-862C-0256421332AD}.Release|Any CPU.Build.0 = Release|Any CPU
		{AC9B528C-95B2-44BC-8735-B490D37F9DE3}.Debug|Any CPU.ActiveCfg = Debug|Any CPU
		{AC9B528C-95B2-44BC-8735-B490D37F9DE3}.Debug|Any CPU.Build.0 = Debug|Any CPU
		{AC9B528C-95B2-44BC-8735-B490D37F9DE3}.Release|Any CPU.ActiveCfg = Release|Any CPU
		{AC9B528C-95B2-44BC-8735-B490D37F9DE3}.Release|Any CPU.Build.0 = Release|Any CPU
		{BA8ABF46-9BD2-4244-893C-090EF8E95799}.Debug|Any CPU.ActiveCfg = Debug|Any CPU
		{BA8ABF46-9BD2-4244-893C-090EF8E95799}.Debug|Any CPU.Build.0 = Debug|Any CPU
		{BA8ABF46-9BD2-4244-893C-090EF8E95799}.Release|Any CPU.ActiveCfg = Release|Any CPU
		{BA8ABF46-9BD2-4244-893C-090EF8E95799}.Release|Any CPU.Build.0 = Release|Any CPU
		{9C1AC724-ADA0-429B-977B-737339C5A981}.Debug|Any CPU.ActiveCfg = Debug|Any CPU
		{9C1AC724-ADA0-429B-977B-737339C5A981}.Debug|Any CPU.Build.0 = Debug|Any CPU
		{9C1AC724-ADA0-429B-977B-737339C5A981}.Release|Any CPU.ActiveCfg = Release|Any CPU
		{9C1AC724-ADA0-429B-977B-737339C5A981}.Release|Any CPU.Build.0 = Release|Any CPU
		{DF273755-365A-41CE-BB3F-869C19935935}.Debug|Any CPU.ActiveCfg = Debug|Any CPU
		{DF273755-365A-41CE-BB3F-869C19935935}.Debug|Any CPU.Build.0 = Debug|Any CPU
		{DF273755-365A-41CE-BB3F-869C19935935}.Release|Any CPU.ActiveCfg = Release|Any CPU
		{DF273755-365A-41CE-BB3F-869C19935935}.Release|Any CPU.Build.0 = Release|Any CPU
		{A9545FFD-53CC-4CE8-AD9C-D9BEB27A798B}.Debug|Any CPU.ActiveCfg = Debug|Any CPU
		{A9545FFD-53CC-4CE8-AD9C-D9BEB27A798B}.Debug|Any CPU.Build.0 = Debug|Any CPU
		{A9545FFD-53CC-4CE8-AD9C-D9BEB27A798B}.Release|Any CPU.ActiveCfg = Release|Any CPU
		{A9545FFD-53CC-4CE8-AD9C-D9BEB27A798B}.Release|Any CPU.Build.0 = Release|Any CPU
		{6F23D1E7-C0BD-4D64-9B08-13951F9BBCF9}.Debug|Any CPU.ActiveCfg = Debug|Any CPU
		{6F23D1E7-C0BD-4D64-9B08-13951F9BBCF9}.Debug|Any CPU.Build.0 = Debug|Any CPU
		{6F23D1E7-C0BD-4D64-9B08-13951F9BBCF9}.Release|Any CPU.ActiveCfg = Release|Any CPU
		{6F23D1E7-C0BD-4D64-9B08-13951F9BBCF9}.Release|Any CPU.Build.0 = Release|Any CPU
		{578BE2EB-27B1-414D-AEC0-2AFA38DB6639}.Debug|Any CPU.ActiveCfg = Debug|Any CPU
		{578BE2EB-27B1-414D-AEC0-2AFA38DB6639}.Debug|Any CPU.Build.0 = Debug|Any CPU
		{578BE2EB-27B1-414D-AEC0-2AFA38DB6639}.Release|Any CPU.ActiveCfg = Release|Any CPU
		{578BE2EB-27B1-414D-AEC0-2AFA38DB6639}.Release|Any CPU.Build.0 = Release|Any CPU
		{FC1F28C0-E519-4E6A-B5FA-72981D393D6D}.Debug|Any CPU.ActiveCfg = Debug|Any CPU
		{FC1F28C0-E519-4E6A-B5FA-72981D393D6D}.Debug|Any CPU.Build.0 = Debug|Any CPU
		{FC1F28C0-E519-4E6A-B5FA-72981D393D6D}.Release|Any CPU.ActiveCfg = Release|Any CPU
		{FC1F28C0-E519-4E6A-B5FA-72981D393D6D}.Release|Any CPU.Build.0 = Release|Any CPU
		{9FC8F195-08C8-4F6E-9DA2-2E310642EEF7}.Debug|Any CPU.ActiveCfg = Debug|Any CPU
		{9FC8F195-08C8-4F6E-9DA2-2E310642EEF7}.Debug|Any CPU.Build.0 = Debug|Any CPU
		{9FC8F195-08C8-4F6E-9DA2-2E310642EEF7}.Release|Any CPU.ActiveCfg = Release|Any CPU
		{9FC8F195-08C8-4F6E-9DA2-2E310642EEF7}.Release|Any CPU.Build.0 = Release|Any CPU
		{CFB0FE52-A1DC-490E-AE34-BA4F072C1E95}.Debug|Any CPU.ActiveCfg = Debug|Any CPU
		{CFB0FE52-A1DC-490E-AE34-BA4F072C1E95}.Debug|Any CPU.Build.0 = Debug|Any CPU
		{CFB0FE52-A1DC-490E-AE34-BA4F072C1E95}.Release|Any CPU.ActiveCfg = Release|Any CPU
		{CFB0FE52-A1DC-490E-AE34-BA4F072C1E95}.Release|Any CPU.Build.0 = Release|Any CPU
		{485F104B-8AD7-435B-8678-CAFCB17D7A98}.Debug|Any CPU.ActiveCfg = Debug|Any CPU
		{485F104B-8AD7-435B-8678-CAFCB17D7A98}.Debug|Any CPU.Build.0 = Debug|Any CPU
		{485F104B-8AD7-435B-8678-CAFCB17D7A98}.Release|Any CPU.ActiveCfg = Release|Any CPU
		{485F104B-8AD7-435B-8678-CAFCB17D7A98}.Release|Any CPU.Build.0 = Release|Any CPU
		{5869615A-61AD-4C0D-BB19-B059EA74CE97}.Debug|Any CPU.ActiveCfg = Debug|Any CPU
		{5869615A-61AD-4C0D-BB19-B059EA74CE97}.Debug|Any CPU.Build.0 = Debug|Any CPU
		{5869615A-61AD-4C0D-BB19-B059EA74CE97}.Release|Any CPU.ActiveCfg = Release|Any CPU
		{5869615A-61AD-4C0D-BB19-B059EA74CE97}.Release|Any CPU.Build.0 = Release|Any CPU
		{62589AC1-0895-4CD8-9476-327345ECF4A2}.Debug|Any CPU.ActiveCfg = Debug|Any CPU
		{62589AC1-0895-4CD8-9476-327345ECF4A2}.Debug|Any CPU.Build.0 = Debug|Any CPU
		{62589AC1-0895-4CD8-9476-327345ECF4A2}.Release|Any CPU.ActiveCfg = Release|Any CPU
		{62589AC1-0895-4CD8-9476-327345ECF4A2}.Release|Any CPU.Build.0 = Release|Any CPU
		{9A76C2DF-ED0A-49FA-9705-5CC5F32C8D72}.Debug|Any CPU.ActiveCfg = Debug|Any CPU
		{9A76C2DF-ED0A-49FA-9705-5CC5F32C8D72}.Debug|Any CPU.Build.0 = Debug|Any CPU
		{9A76C2DF-ED0A-49FA-9705-5CC5F32C8D72}.Release|Any CPU.ActiveCfg = Release|Any CPU
		{9A76C2DF-ED0A-49FA-9705-5CC5F32C8D72}.Release|Any CPU.Build.0 = Release|Any CPU
		{5B741785-0DEC-4A55-9AB6-33F70F8AFCD5}.Debug|Any CPU.ActiveCfg = Debug|Any CPU
		{5B741785-0DEC-4A55-9AB6-33F70F8AFCD5}.Debug|Any CPU.Build.0 = Debug|Any CPU
		{5B741785-0DEC-4A55-9AB6-33F70F8AFCD5}.Release|Any CPU.ActiveCfg = Release|Any CPU
		{5B741785-0DEC-4A55-9AB6-33F70F8AFCD5}.Release|Any CPU.Build.0 = Release|Any CPU
		{DC03FA60-FBAE-4FCA-B3A9-A8775B3164C9}.Debug|Any CPU.ActiveCfg = Debug|Any CPU
		{DC03FA60-FBAE-4FCA-B3A9-A8775B3164C9}.Debug|Any CPU.Build.0 = Debug|Any CPU
		{DC03FA60-FBAE-4FCA-B3A9-A8775B3164C9}.Release|Any CPU.ActiveCfg = Release|Any CPU
		{DC03FA60-FBAE-4FCA-B3A9-A8775B3164C9}.Release|Any CPU.Build.0 = Release|Any CPU
	EndGlobalSection
	GlobalSection(SolutionProperties) = preSolution
		HideSolutionNode = FALSE
	EndGlobalSection
	GlobalSection(ExtensibilityGlobals) = postSolution
		SolutionGuid = {6352AF0B-D62A-42C7-9B58-3850A407E11D}
	EndGlobalSection
EndGlobal
